// !$*UTF8*$!
{
	archiveVersion = 1;
	classes = {
	};
	objectVersion = 48;
	objects = {

/* Begin PBXBuildFile section */
		917985922090AD6A00C76474 /* AppDelegate.swift in Sources */ = {isa = PBXBuildFile; fileRef = 917985912090AD6A00C76474 /* AppDelegate.swift */; };
		917985942090AD6A00C76474 /* ViewController.swift in Sources */ = {isa = PBXBuildFile; fileRef = 917985932090AD6A00C76474 /* ViewController.swift */; };
		917985972090AD6A00C76474 /* Main.storyboard in Resources */ = {isa = PBXBuildFile; fileRef = 917985952090AD6A00C76474 /* Main.storyboard */; };
		917985992090AD6A00C76474 /* Assets.xcassets in Resources */ = {isa = PBXBuildFile; fileRef = 917985982090AD6A00C76474 /* Assets.xcassets */; };
		9179859C2090AD6A00C76474 /* LaunchScreen.storyboard in Resources */ = {isa = PBXBuildFile; fileRef = 9179859A2090AD6A00C76474 /* LaunchScreen.storyboard */; };
		917985A42090B0AF00C76474 /* SearchViewController.swift in Sources */ = {isa = PBXBuildFile; fileRef = 917985A32090B0AF00C76474 /* SearchViewController.swift */; };
		917985BB2090B4F300C76474 /* TeamViewController.swift in Sources */ = {isa = PBXBuildFile; fileRef = 917985BA2090B4F300C76474 /* TeamViewController.swift */; };
		917985BD2090B53D00C76474 /* Team.swift in Sources */ = {isa = PBXBuildFile; fileRef = 917985BC2090B53D00C76474 /* Team.swift */; };
		917985BF2090B66A00C76474 /* TeamTableViewCell.swift in Sources */ = {isa = PBXBuildFile; fileRef = 917985BE2090B66A00C76474 /* TeamTableViewCell.swift */; };
		917985C52090BA6B00C76474 /* jays.jpg in Resources */ = {isa = PBXBuildFile; fileRef = 917985C02090BA6A00C76474 /* jays.jpg */; };
		917985C62090BA6B00C76474 /* marlies.jpeg in Resources */ = {isa = PBXBuildFile; fileRef = 917985C12090BA6A00C76474 /* marlies.jpeg */; };
		917985C72090BA6B00C76474 /* raptors.jpg in Resources */ = {isa = PBXBuildFile; fileRef = 917985C22090BA6A00C76474 /* raptors.jpg */; };
		917985C82090BA6B00C76474 /* fc.png in Resources */ = {isa = PBXBuildFile; fileRef = 917985C32090BA6A00C76474 /* fc.png */; };
		917985C92090BA6B00C76474 /* leafs.png in Resources */ = {isa = PBXBuildFile; fileRef = 917985C42090BA6B00C76474 /* leafs.png */; };
		917985CD2090BC0C00C76474 /* GamDetailViewController.swift in Sources */ = {isa = PBXBuildFile; fileRef = 917985CC2090BC0C00C76474 /* GamDetailViewController.swift */; };
		917985CF2090BDE300C76474 /* mlse.jpg in Resources */ = {isa = PBXBuildFile; fileRef = 917985CE2090BDE300C76474 /* mlse.jpg */; };
/* End PBXBuildFile section */

/* Begin PBXFileReference section */
		9179858E2090AD6A00C76474 /* Game Ticket Agent.app */ = {isa = PBXFileReference; explicitFileType = wrapper.application; includeInIndex = 0; path = "Game Ticket Agent.app"; sourceTree = BUILT_PRODUCTS_DIR; };
		917985912090AD6A00C76474 /* AppDelegate.swift */ = {isa = PBXFileReference; lastKnownFileType = sourcecode.swift; path = AppDelegate.swift; sourceTree = "<group>"; };
		917985932090AD6A00C76474 /* ViewController.swift */ = {isa = PBXFileReference; lastKnownFileType = sourcecode.swift; path = ViewController.swift; sourceTree = "<group>"; };
		917985962090AD6A00C76474 /* Base */ = {isa = PBXFileReference; lastKnownFileType = file.storyboard; name = Base; path = Base.lproj/Main.storyboard; sourceTree = "<group>"; };
		917985982090AD6A00C76474 /* Assets.xcassets */ = {isa = PBXFileReference; lastKnownFileType = folder.assetcatalog; path = Assets.xcassets; sourceTree = "<group>"; };
		9179859B2090AD6A00C76474 /* Base */ = {isa = PBXFileReference; lastKnownFileType = file.storyboard; name = Base; path = Base.lproj/LaunchScreen.storyboard; sourceTree = "<group>"; };
		9179859D2090AD6A00C76474 /* Info.plist */ = {isa = PBXFileReference; lastKnownFileType = text.plist.xml; path = Info.plist; sourceTree = "<group>"; };
		917985A32090B0AF00C76474 /* SearchViewController.swift */ = {isa = PBXFileReference; lastKnownFileType = sourcecode.swift; path = SearchViewController.swift; sourceTree = "<group>"; };
		917985BA2090B4F300C76474 /* TeamViewController.swift */ = {isa = PBXFileReference; lastKnownFileType = sourcecode.swift; path = TeamViewController.swift; sourceTree = "<group>"; };
		917985BC2090B53D00C76474 /* Team.swift */ = {isa = PBXFileReference; lastKnownFileType = sourcecode.swift; path = Team.swift; sourceTree = "<group>"; };
		917985BE2090B66A00C76474 /* TeamTableViewCell.swift */ = {isa = PBXFileReference; lastKnownFileType = sourcecode.swift; path = TeamTableViewCell.swift; sourceTree = "<group>"; };
		917985C02090BA6A00C76474 /* jays.jpg */ = {isa = PBXFileReference; lastKnownFileType = image.jpeg; name = jays.jpg; path = "Images 2/jays.jpg"; sourceTree = SOURCE_ROOT; };
		917985C12090BA6A00C76474 /* marlies.jpeg */ = {isa = PBXFileReference; lastKnownFileType = image.jpeg; name = marlies.jpeg; path = "Images 2/marlies.jpeg"; sourceTree = SOURCE_ROOT; };
		917985C22090BA6A00C76474 /* raptors.jpg */ = {isa = PBXFileReference; lastKnownFileType = image.jpeg; name = raptors.jpg; path = "Images 2/raptors.jpg"; sourceTree = SOURCE_ROOT; };
		917985C32090BA6A00C76474 /* fc.png */ = {isa = PBXFileReference; lastKnownFileType = image.png; name = fc.png; path = "Images 2/fc.png"; sourceTree = SOURCE_ROOT; };
		917985C42090BA6B00C76474 /* leafs.png */ = {isa = PBXFileReference; lastKnownFileType = image.png; name = leafs.png; path = "Images 2/leafs.png"; sourceTree = SOURCE_ROOT; };
		917985CC2090BC0C00C76474 /* GamDetailViewController.swift */ = {isa = PBXFileReference; lastKnownFileType = sourcecode.swift; path = GamDetailViewController.swift; sourceTree = "<group>"; };
		917985CE2090BDE300C76474 /* mlse.jpg */ = {isa = PBXFileReference; lastKnownFileType = image.jpeg; name = mlse.jpg; path = "Images 2/mlse.jpg"; sourceTree = SOURCE_ROOT; };
/* End PBXFileReference section */

/* Begin PBXFrameworksBuildPhase section */
		9179858B2090AD6A00C76474 /* Frameworks */ = {
			isa = PBXFrameworksBuildPhase;
			buildActionMask = 2147483647;
			files = (
			);
			runOnlyForDeploymentPostprocessing = 0;
		};
/* End PBXFrameworksBuildPhase section */

/* Begin PBXGroup section */
		917985852090AD6A00C76474 = {
			isa = PBXGroup;
			children = (
				917985902090AD6A00C76474 /* Game Ticket Agent */,
				9179858F2090AD6A00C76474 /* Products */,
			);
			sourceTree = "<group>";
		};
		9179858F2090AD6A00C76474 /* Products */ = {
			isa = PBXGroup;
			children = (
				9179858E2090AD6A00C76474 /* Game Ticket Agent.app */,
			);
			name = Products;
			sourceTree = "<group>";
		};
		917985902090AD6A00C76474 /* Game Ticket Agent */ = {
			isa = PBXGroup;
			children = (
				917985912090AD6A00C76474 /* AppDelegate.swift */,
				917985932090AD6A00C76474 /* ViewController.swift */,
				917985952090AD6A00C76474 /* Main.storyboard */,
				917985C32090BA6A00C76474 /* fc.png */,
				917985C02090BA6A00C76474 /* jays.jpg */,
				917985C42090BA6B00C76474 /* leafs.png */,
				917985C12090BA6A00C76474 /* marlies.jpeg */,
				917985CE2090BDE300C76474 /* mlse.jpg */,
				917985C22090BA6A00C76474 /* raptors.jpg */,
				917985A32090B0AF00C76474 /* SearchViewController.swift */,
				917985982090AD6A00C76474 /* Assets.xcassets */,
				9179859A2090AD6A00C76474 /* LaunchScreen.storyboard */,
				9179859D2090AD6A00C76474 /* Info.plist */,
				917985BA2090B4F300C76474 /* TeamViewController.swift */,
				917985BC2090B53D00C76474 /* Team.swift */,
				917985BE2090B66A00C76474 /* TeamTableViewCell.swift */,
				917985CC2090BC0C00C76474 /* GamDetailViewController.swift */,
			);
			path = "Game Ticket Agent";
			sourceTree = "<group>";
		};
/* End PBXGroup section */

/* Begin PBXNativeTarget section */
		9179858D2090AD6A00C76474 /* Game Ticket Agent */ = {
			isa = PBXNativeTarget;
			buildConfigurationList = 917985A02090AD6A00C76474 /* Build configuration list for PBXNativeTarget "Game Ticket Agent" */;
			buildPhases = (
				9179858A2090AD6A00C76474 /* Sources */,
				9179858B2090AD6A00C76474 /* Frameworks */,
				9179858C2090AD6A00C76474 /* Resources */,
			);
			buildRules = (
			);
			dependencies = (
			);
			name = "Game Ticket Agent";
			productName = "Game Ticket Agent";
			productReference = 9179858E2090AD6A00C76474 /* Game Ticket Agent.app */;
			productType = "com.apple.product-type.application";
		};
/* End PBXNativeTarget section */

/* Begin PBXProject section */
		917985862090AD6A00C76474 /* Project object */ = {
			isa = PBXProject;
			attributes = {
				LastSwiftUpdateCheck = 0920;
				LastUpgradeCheck = 0920;
				ORGANIZATIONNAME = "Parikh Dhruvin S.";
				TargetAttributes = {
					9179858D2090AD6A00C76474 = {
						CreatedOnToolsVersion = 9.2;
						ProvisioningStyle = Automatic;
					};
				};
			};
			buildConfigurationList = 917985892090AD6A00C76474 /* Build configuration list for PBXProject "Game Ticket Agent" */;
			compatibilityVersion = "Xcode 8.0";
			developmentRegion = en;
			hasScannedForEncodings = 0;
			knownRegions = (
				en,
				Base,
			);
			mainGroup = 917985852090AD6A00C76474;
			productRefGroup = 9179858F2090AD6A00C76474 /* Products */;
			projectDirPath = "";
			projectRoot = "";
			targets = (
				9179858D2090AD6A00C76474 /* Game Ticket Agent */,
			);
		};
/* End PBXProject section */

/* Begin PBXResourcesBuildPhase section */
		9179858C2090AD6A00C76474 /* Resources */ = {
			isa = PBXResourcesBuildPhase;
			buildActionMask = 2147483647;
			files = (
				9179859C2090AD6A00C76474 /* LaunchScreen.storyboard in Resources */,
				917985C52090BA6B00C76474 /* jays.jpg in Resources */,
				917985C92090BA6B00C76474 /* leafs.png in Resources */,
				917985C82090BA6B00C76474 /* fc.png in Resources */,
				917985CF2090BDE300C76474 /* mlse.jpg in Resources */,
				917985C72090BA6B00C76474 /* raptors.jpg in Resources */,
				917985992090AD6A00C76474 /* Assets.xcassets in Resources */,
				917985972090AD6A00C76474 /* Main.storyboard in Resources */,
				917985C62090BA6B00C76474 /* marlies.jpeg in Resources */,
			);
			runOnlyForDeploymentPostprocessing = 0;
		};
/* End PBXResourcesBuildPhase section */

/* Begin PBXSourcesBuildPhase section */
		9179858A2090AD6A00C76474 /* Sources */ = {
			isa = PBXSourcesBuildPhase;
			buildActionMask = 2147483647;
			files = (
				917985A42090B0AF00C76474 /* SearchViewController.swift in Sources */,
				917985BB2090B4F300C76474 /* TeamViewController.swift in Sources */,
				917985942090AD6A00C76474 /* ViewController.swift in Sources */,
				917985BD2090B53D00C76474 /* Team.swift in Sources */,
				917985BF2090B66A00C76474 /* TeamTableViewCell.swift in Sources */,
				917985922090AD6A00C76474 /* AppDelegate.swift in Sources */,
				917985CD2090BC0C00C76474 /* GamDetailViewController.swift in Sources */,
			);
			runOnlyForDeploymentPostprocessing = 0;
		};
/* End PBXSourcesBuildPhase section */

/* Begin PBXVariantGroup section */
		917985952090AD6A00C76474 /* Main.storyboard */ = {
			isa = PBXVariantGroup;
			children = (
				917985962090AD6A00C76474 /* Base */,
			);
			name = Main.storyboard;
			sourceTree = "<group>";
		};
		9179859A2090AD6A00C76474 /* LaunchScreen.storyboard */ = {
			isa = PBXVariantGroup;
			children = (
				9179859B2090AD6A00C76474 /* Base */,
			);
			name = LaunchScreen.storyboard;
			sourceTree = "<group>";
		};
/* End PBXVariantGroup section */

/* Begin XCBuildConfiguration section */
		9179859E2090AD6A00C76474 /* Debug */ = {
			isa = XCBuildConfiguration;
			buildSettings = {
				ALWAYS_SEARCH_USER_PATHS = NO;
				CLANG_ANALYZER_NONNULL = YES;
				CLANG_ANALYZER_NUMBER_OBJECT_CONVERSION = YES_AGGRESSIVE;
				CLANG_CXX_LANGUAGE_STANDARD = "gnu++14";
				CLANG_CXX_LIBRARY = "libc++";
				CLANG_ENABLE_MODULES = YES;
				CLANG_ENABLE_OBJC_ARC = YES;
				CLANG_WARN_BLOCK_CAPTURE_AUTORELEASING = YES;
				CLANG_WARN_BOOL_CONVERSION = YES;
				CLANG_WARN_COMMA = YES;
				CLANG_WARN_CONSTANT_CONVERSION = YES;
				CLANG_WARN_DIRECT_OBJC_ISA_USAGE = YES_ERROR;
				CLANG_WARN_DOCUMENTATION_COMMENTS = YES;
				CLANG_WARN_EMPTY_BODY = YES;
				CLANG_WARN_ENUM_CONVERSION = YES;
				CLANG_WARN_INFINITE_RECURSION = YES;
				CLANG_WARN_INT_CONVERSION = YES;
				CLANG_WARN_NON_LITERAL_NULL_CONVERSION = YES;
				CLANG_WARN_OBJC_LITERAL_CONVERSION = YES;
				CLANG_WARN_OBJC_ROOT_CLASS = YES_ERROR;
				CLANG_WARN_RANGE_LOOP_ANALYSIS = YES;
				CLANG_WARN_STRICT_PROTOTYPES = YES;
				CLANG_WARN_SUSPICIOUS_MOVE = YES;
				CLANG_WARN_UNGUARDED_AVAILABILITY = YES_AGGRESSIVE;
				CLANG_WARN_UNREACHABLE_CODE = YES;
				CLANG_WARN__DUPLICATE_METHOD_MATCH = YES;
				CODE_SIGN_IDENTITY = "iPhone Developer";
				COPY_PHASE_STRIP = NO;
				DEBUG_INFORMATION_FORMAT = dwarf;
				ENABLE_STRICT_OBJC_MSGSEND = YES;
				ENABLE_TESTABILITY = YES;
				GCC_C_LANGUAGE_STANDARD = gnu11;
				GCC_DYNAMIC_NO_PIC = NO;
				GCC_NO_COMMON_BLOCKS = YES;
				GCC_OPTIMIZATION_LEVEL = 0;
				GCC_PREPROCESSOR_DEFINITIONS = (
					"DEBUG=1",
					"$(inherited)",
				);
				GCC_WARN_64_TO_32_BIT_CONVERSION = YES;
				GCC_WARN_ABOUT_RETURN_TYPE = YES_ERROR;
				GCC_WARN_UNDECLARED_SELECTOR = YES;
				GCC_WARN_UNINITIALIZED_AUTOS = YES_AGGRESSIVE;
				GCC_WARN_UNUSED_FUNCTION = YES;
				GCC_WARN_UNUSED_VARIABLE = YES;
				IPHONEOS_DEPLOYMENT_TARGET = 11.2;
				MTL_ENABLE_DEBUG_INFO = YES;
				ONLY_ACTIVE_ARCH = YES;
				SDKROOT = iphoneos;
				SWIFT_ACTIVE_COMPILATION_CONDITIONS = DEBUG;
				SWIFT_OPTIMIZATION_LEVEL = "-Onone";
			};
			name = Debug;
		};
		9179859F2090AD6A00C76474 /* Release */ = {
			isa = XCBuildConfiguration;
			buildSettings = {
				ALWAYS_SEARCH_USER_PATHS = NO;
				CLANG_ANALYZER_NONNULL = YES;
				CLANG_ANALYZER_NUMBER_OBJECT_CONVERSION = YES_AGGRESSIVE;
				CLANG_CXX_LANGUAGE_STANDARD = "gnu++14";
				CLANG_CXX_LIBRARY = "libc++";
				CLANG_ENABLE_MODULES = YES;
				CLANG_ENABLE_OBJC_ARC = YES;
				CLANG_WARN_BLOCK_CAPTURE_AUTORELEASING = YES;
				CLANG_WARN_BOOL_CONVERSION = YES;
				CLANG_WARN_COMMA = YES;
				CLANG_WARN_CONSTANT_CONVERSION = YES;
				CLANG_WARN_DIRECT_OBJC_ISA_USAGE = YES_ERROR;
				CLANG_WARN_DOCUMENTATION_COMMENTS = YES;
				CLANG_WARN_EMPTY_BODY = YES;
				CLANG_WARN_ENUM_CONVERSION = YES;
				CLANG_WARN_INFINITE_RECURSION = YES;
				CLANG_WARN_INT_CONVERSION = YES;
				CLANG_WARN_NON_LITERAL_NULL_CONVERSION = YES;
				CLANG_WARN_OBJC_LITERAL_CONVERSION = YES;
				CLANG_WARN_OBJC_ROOT_CLASS = YES_ERROR;
				CLANG_WARN_RANGE_LOOP_ANALYSIS = YES;
				CLANG_WARN_STRICT_PROTOTYPES = YES;
				CLANG_WARN_SUSPICIOUS_MOVE = YES;
				CLANG_WARN_UNGUARDED_AVAILABILITY = YES_AGGRESSIVE;
				CLANG_WARN_UNREACHABLE_CODE = YES;
				CLANG_WARN__DUPLICATE_METHOD_MATCH = YES;
				CODE_SIGN_IDENTITY = "iPhone Developer";
				COPY_PHASE_STRIP = NO;
				DEBUG_INFORMATION_FORMAT = "dwarf-with-dsym";
				ENABLE_NS_ASSERTIONS = NO;
				ENABLE_STRICT_OBJC_MSGSEND = YES;
				GCC_C_LANGUAGE_STANDARD = gnu11;
				GCC_NO_COMMON_BLOCKS = YES;
				GCC_WARN_64_TO_32_BIT_CONVERSION = YES;
				GCC_WARN_ABOUT_RETURN_TYPE = YES_ERROR;
				GCC_WARN_UNDECLARED_SELECTOR = YES;
				GCC_WARN_UNINITIALIZED_AUTOS = YES_AGGRESSIVE;
				GCC_WARN_UNUSED_FUNCTION = YES;
				GCC_WARN_UNUSED_VARIABLE = YES;
				IPHONEOS_DEPLOYMENT_TARGET = 11.2;
				MTL_ENABLE_DEBUG_INFO = NO;
				SDKROOT = iphoneos;
				SWIFT_OPTIMIZATION_LEVEL = "-Owholemodule";
				VALIDATE_PRODUCT = YES;
			};
			name = Release;
		};
		917985A12090AD6A00C76474 /* Debug */ = {
			isa = XCBuildConfiguration;
			buildSettings = {
				ASSETCATALOG_COMPILER_APPICON_NAME = AppIcon;
				CODE_SIGN_STYLE = Automatic;
				INFOPLIST_FILE = "Game Ticket Agent/Info.plist";
				LD_RUNPATH_SEARCH_PATHS = "$(inherited) @executable_path/Frameworks";
				PRODUCT_BUNDLE_IDENTIFIER = "humber.ca.Game-Ticket-Agent";
				PRODUCT_NAME = "$(TARGET_NAME)";
				SWIFT_VERSION = 4.0;
				TARGETED_DEVICE_FAMILY = "1,2";
			};
			name = Debug;
		};
		917985A22090AD6A00C76474 /* Release */ = {
			isa = XCBuildConfiguration;
			buildSettings = {
				ASSETCATALOG_COMPILER_APPICON_NAME = AppIcon;
				CODE_SIGN_STYLE = Automatic;
				INFOPLIST_FILE = "Game Ticket Agent/Info.plist";
				LD_RUNPATH_SEARCH_PATHS = "$(inherited) @executable_path/Frameworks";
				PRODUCT_BUNDLE_IDENTIFIER = "humber.ca.Game-Ticket-Agent";
				PRODUCT_NAME = "$(TARGET_NAME)";
				SWIFT_VERSION = 4.0;
				TARGETED_DEVICE_FAMILY = "1,2";
			};
			name = Release;
		};
/* End XCBuildConfiguration section */

/* Begin XCConfigurationList section */
		917985892090AD6A00C76474 /* Build configuration list for PBXProject "Game Ticket Agent" */ = {
			isa = XCConfigurationList;
			buildConfigurations = (
				9179859E2090AD6A00C76474 /* Debug */,
				9179859F2090AD6A00C76474 /* Release */,
			);
			defaultConfigurationIsVisible = 0;
			defaultConfigurationName = Release;
		};
		917985A02090AD6A00C76474 /* Build configuration list for PBXNativeTarget "Game Ticket Agent" */ = {
			isa = XCConfigurationList;
			buildConfigurations = (
				917985A12090AD6A00C76474 /* Debug */,
				917985A22090AD6A00C76474 /* Release */,
			);
			defaultConfigurationIsVisible = 0;
			defaultConfigurationName = Release;
		};
/* End XCConfigurationList section */
	};
	rootObject = 917985862090AD6A00C76474 /* Project object */;
}
